github.com/lib/pq v1.10.9 h1:YXG7RB+JIjhP29X+OtkiDnYaXQwpS4JEWq7dtCCRUEw=
github.com/lib/pq v1.10.9/go.mod h1:AlVN5x4E4T544tWzH6hKfbfQvm3HdbOxrmggDNAPY9o=
github.com/tubstrr/ally v0.0.6 h1:TbQtVzPq5d03x4QvKT9Ek6KNI0r+zV19T6PHd05A1do=
github.com/tubstrr/ally v0.0.6/go.mod h1:09wpE7ompoWlxjjSTEefIo5qhcVzw3lRI1YCa0YoF9Y=
