github.com/lib/pq v1.10.9 h1:YXG7RB+JIjhP29X+OtkiDnYaXQwpS4JEWq7dtCCRUEw=
github.com/lib/pq v1.10.9/go.mod h1:AlVN5x4E4T544tWzH6hKfbfQvm3HdbOxrmggDNAPY9o=
github.com/tubstrr/ally v0.0.7 h1:w5+gOWz9JMy1d3zy5ZWVEAg/NIuinfJB5MyTg0etUI8=
github.com/tubstrr/ally v0.0.7/go.mod h1:09wpE7ompoWlxjjSTEefIo5qhcVzw3lRI1YCa0YoF9Y=
github.com/tubstrr/ally-vercel-testing v0.0.0-20230903193151-1eb00680a3d3 h1:VmcYg/Egn7zVPixZA5J9+KJswoBmuzBExpQqjElF5Rk=
github.com/tubstrr/ally-vercel-testing v0.0.0-20230903193151-1eb00680a3d3/go.mod h1:O237t5PisjzHZpRVWRDhgeb7oxUmEo/Q48I0wbg7Zbw=
